// !$*UTF8*$!
{
	archiveVersion = 1;
	classes = {
	};
	objectVersion = 55;
	objects = {

/* Begin PBXBuildFile section */
		58209EF32A1C831600A7C94F /* RootViewController.swift in Sources */ = {isa = PBXBuildFile; fileRef = 58209EF22A1C831600A7C94F /* RootViewController.swift */; };
		58875C932A1C5B0F00E9BA53 /* AppDelegate.swift in Sources */ = {isa = PBXBuildFile; fileRef = 58875C922A1C5B0F00E9BA53 /* AppDelegate.swift */; };
		58875C952A1C5B0F00E9BA53 /* SceneDelegate.swift in Sources */ = {isa = PBXBuildFile; fileRef = 58875C942A1C5B0F00E9BA53 /* SceneDelegate.swift */; };
		58875C9A2A1C5B0F00E9BA53 /* Main.storyboard in Resources */ = {isa = PBXBuildFile; fileRef = 58875C982A1C5B0F00E9BA53 /* Main.storyboard */; };
		58875C9C2A1C5B1100E9BA53 /* Assets.xcassets in Resources */ = {isa = PBXBuildFile; fileRef = 58875C9B2A1C5B1100E9BA53 /* Assets.xcassets */; };
		58875C9F2A1C5B1100E9BA53 /* LaunchScreen.storyboard in Resources */ = {isa = PBXBuildFile; fileRef = 58875C9D2A1C5B1100E9BA53 /* LaunchScreen.storyboard */; };
		58875CA72A1C5B4500E9BA53 /* WeatherBaseController.swift in Sources */ = {isa = PBXBuildFile; fileRef = 58875CA62A1C5B4500E9BA53 /* WeatherBaseController.swift */; };
		58875CAB2A1C656D00E9BA53 /* UIView+Layout.swift in Sources */ = {isa = PBXBuildFile; fileRef = 58875CAA2A1C656D00E9BA53 /* UIView+Layout.swift */; };
		58875CAD2A1C714700E9BA53 /* FlowLayoutCollectionViewController.swift in Sources */ = {isa = PBXBuildFile; fileRef = 58875CAC2A1C714600E9BA53 /* FlowLayoutCollectionViewController.swift */; };
		58875CB02A1C71B200E9BA53 /* SearchResult.swift in Sources */ = {isa = PBXBuildFile; fileRef = 58875CAF2A1C71B200E9BA53 /* SearchResult.swift */; };
		58875CB52A1C741100E9BA53 /* WeatherSearchViewCell.swift in Sources */ = {isa = PBXBuildFile; fileRef = 58875CB42A1C741100E9BA53 /* WeatherSearchViewCell.swift */; };
		58875CB72A1C74C100E9BA53 /* WeatherSearchViewCell+Extension.swift in Sources */ = {isa = PBXBuildFile; fileRef = 58875CB62A1C74C100E9BA53 /* WeatherSearchViewCell+Extension.swift */; };
		58875CBA2A1C752D00E9BA53 /* HorizontalStackView.swift in Sources */ = {isa = PBXBuildFile; fileRef = 58875CB92A1C752D00E9BA53 /* HorizontalStackView.swift */; };
		58875CBC2A1C75D200E9BA53 /* VerticalStackView.swift in Sources */ = {isa = PBXBuildFile; fileRef = 58875CBB2A1C75D200E9BA53 /* VerticalStackView.swift */; };
		58875CBF2A1C791800E9BA53 /* Service.swift in Sources */ = {isa = PBXBuildFile; fileRef = 58875CBE2A1C791800E9BA53 /* Service.swift */; };
		58875CC12A1C7D8100E9BA53 /* UIImageView+Extension.swift in Sources */ = {isa = PBXBuildFile; fileRef = 58875CC02A1C7D8100E9BA53 /* UIImageView+Extension.swift */; };
		58875CC32A1C7DB900E9BA53 /* UILabel+Extension.swift in Sources */ = {isa = PBXBuildFile; fileRef = 58875CC22A1C7DB900E9BA53 /* UILabel+Extension.swift */; };
		58875CC62A1C7F5C00E9BA53 /* SDWebImage in Frameworks */ = {isa = PBXBuildFile; productRef = 58875CC52A1C7F5C00E9BA53 /* SDWebImage */; };
		58D550C22A1CA7CD00608A15 /* OpenWeather.swift in Sources */ = {isa = PBXBuildFile; fileRef = 58D550C12A1CA7CD00608A15 /* OpenWeather.swift */; };
		58D550C42A1CAB0300608A15 /* SearchModel.swift in Sources */ = {isa = PBXBuildFile; fileRef = 58D550C32A1CAB0300608A15 /* SearchModel.swift */; };
/* End PBXBuildFile section */

/* Begin PBXFileReference section */
		58209EF22A1C831600A7C94F /* RootViewController.swift */ = {isa = PBXFileReference; lastKnownFileType = sourcecode.swift; path = RootViewController.swift; sourceTree = "<group>"; };
		58875C8F2A1C5B0F00E9BA53 /* MphasisWeatherApp.app */ = {isa = PBXFileReference; explicitFileType = wrapper.application; includeInIndex = 0; path = MphasisWeatherApp.app; sourceTree = BUILT_PRODUCTS_DIR; };
		58875C922A1C5B0F00E9BA53 /* AppDelegate.swift */ = {isa = PBXFileReference; lastKnownFileType = sourcecode.swift; path = AppDelegate.swift; sourceTree = "<group>"; };
		58875C942A1C5B0F00E9BA53 /* SceneDelegate.swift */ = {isa = PBXFileReference; lastKnownFileType = sourcecode.swift; path = SceneDelegate.swift; sourceTree = "<group>"; };
		58875C992A1C5B0F00E9BA53 /* Base */ = {isa = PBXFileReference; lastKnownFileType = file.storyboard; name = Base; path = Base.lproj/Main.storyboard; sourceTree = "<group>"; };
		58875C9B2A1C5B1100E9BA53 /* Assets.xcassets */ = {isa = PBXFileReference; lastKnownFileType = folder.assetcatalog; path = Assets.xcassets; sourceTree = "<group>"; };
		58875C9E2A1C5B1100E9BA53 /* Base */ = {isa = PBXFileReference; lastKnownFileType = file.storyboard; name = Base; path = Base.lproj/LaunchScreen.storyboard; sourceTree = "<group>"; };
		58875CA02A1C5B1100E9BA53 /* Info.plist */ = {isa = PBXFileReference; lastKnownFileType = text.plist.xml; path = Info.plist; sourceTree = "<group>"; };
		58875CA62A1C5B4500E9BA53 /* WeatherBaseController.swift */ = {isa = PBXFileReference; lastKnownFileType = sourcecode.swift; path = WeatherBaseController.swift; sourceTree = "<group>"; };
		58875CAA2A1C656D00E9BA53 /* UIView+Layout.swift */ = {isa = PBXFileReference; lastKnownFileType = sourcecode.swift; path = "UIView+Layout.swift"; sourceTree = "<group>"; };
		58875CAC2A1C714600E9BA53 /* FlowLayoutCollectionViewController.swift */ = {isa = PBXFileReference; lastKnownFileType = sourcecode.swift; path = FlowLayoutCollectionViewController.swift; sourceTree = "<group>"; };
		58875CAF2A1C71B200E9BA53 /* SearchResult.swift */ = {isa = PBXFileReference; lastKnownFileType = sourcecode.swift; path = SearchResult.swift; sourceTree = "<group>"; };
		58875CB42A1C741100E9BA53 /* WeatherSearchViewCell.swift */ = {isa = PBXFileReference; lastKnownFileType = sourcecode.swift; path = WeatherSearchViewCell.swift; sourceTree = "<group>"; };
		58875CB62A1C74C100E9BA53 /* WeatherSearchViewCell+Extension.swift */ = {isa = PBXFileReference; lastKnownFileType = sourcecode.swift; path = "WeatherSearchViewCell+Extension.swift"; sourceTree = "<group>"; };
		58875CB92A1C752D00E9BA53 /* HorizontalStackView.swift */ = {isa = PBXFileReference; lastKnownFileType = sourcecode.swift; path = HorizontalStackView.swift; sourceTree = "<group>"; };
		58875CBB2A1C75D200E9BA53 /* VerticalStackView.swift */ = {isa = PBXFileReference; lastKnownFileType = sourcecode.swift; path = VerticalStackView.swift; sourceTree = "<group>"; };
		58875CBE2A1C791800E9BA53 /* Service.swift */ = {isa = PBXFileReference; lastKnownFileType = sourcecode.swift; path = Service.swift; sourceTree = "<group>"; };
		58875CC02A1C7D8100E9BA53 /* UIImageView+Extension.swift */ = {isa = PBXFileReference; lastKnownFileType = sourcecode.swift; path = "UIImageView+Extension.swift"; sourceTree = "<group>"; };
		58875CC22A1C7DB900E9BA53 /* UILabel+Extension.swift */ = {isa = PBXFileReference; lastKnownFileType = sourcecode.swift; path = "UILabel+Extension.swift"; sourceTree = "<group>"; };
		58D550C12A1CA7CD00608A15 /* OpenWeather.swift */ = {isa = PBXFileReference; lastKnownFileType = sourcecode.swift; path = OpenWeather.swift; sourceTree = "<group>"; };
		58D550C32A1CAB0300608A15 /* SearchModel.swift */ = {isa = PBXFileReference; lastKnownFileType = sourcecode.swift; path = SearchModel.swift; sourceTree = "<group>"; };
/* End PBXFileReference section */

/* Begin PBXFrameworksBuildPhase section */
		58875C8C2A1C5B0F00E9BA53 /* Frameworks */ = {
			isa = PBXFrameworksBuildPhase;
			buildActionMask = 2147483647;
			files = (
				58875CC62A1C7F5C00E9BA53 /* SDWebImage in Frameworks */,
			);
			runOnlyForDeploymentPostprocessing = 0;
		};
/* End PBXFrameworksBuildPhase section */

/* Begin PBXGroup section */
		58875C862A1C5B0F00E9BA53 = {
			isa = PBXGroup;
			children = (
				58875C912A1C5B0F00E9BA53 /* MphasisWeatherApp */,
				58875C902A1C5B0F00E9BA53 /* Products */,
			);
			sourceTree = "<group>";
		};
		58875C902A1C5B0F00E9BA53 /* Products */ = {
			isa = PBXGroup;
			children = (
				58875C8F2A1C5B0F00E9BA53 /* MphasisWeatherApp.app */,
			);
			name = Products;
			sourceTree = "<group>";
		};
		58875C912A1C5B0F00E9BA53 /* MphasisWeatherApp */ = {
			isa = PBXGroup;
			children = (
				58875CBD2A1C790600E9BA53 /* Service */,
				58875CB12A1C73BB00E9BA53 /* Views */,
				58875CAE2A1C719400E9BA53 /* Model */,
				58875CA82A1C652800E9BA53 /* Utility */,
				58875C922A1C5B0F00E9BA53 /* AppDelegate.swift */,
				58875C942A1C5B0F00E9BA53 /* SceneDelegate.swift */,
				58875C982A1C5B0F00E9BA53 /* Main.storyboard */,
				58875C9B2A1C5B1100E9BA53 /* Assets.xcassets */,
				58875C9D2A1C5B1100E9BA53 /* LaunchScreen.storyboard */,
				58875CA02A1C5B1100E9BA53 /* Info.plist */,
			);
			path = MphasisWeatherApp;
			sourceTree = "<group>";
		};
		58875CA82A1C652800E9BA53 /* Utility */ = {
			isa = PBXGroup;
			children = (
				58D550C92A1CF07B00608A15 /* Controllers */,
				58875CB82A1C751500E9BA53 /* StackView Extensions */,
				58875CA92A1C653800E9BA53 /* UIKit Extensions */,
			);
			path = Utility;
			sourceTree = "<group>";
		};
		58875CA92A1C653800E9BA53 /* UIKit Extensions */ = {
			isa = PBXGroup;
			children = (
				58875CAA2A1C656D00E9BA53 /* UIView+Layout.swift */,
				58875CC02A1C7D8100E9BA53 /* UIImageView+Extension.swift */,
				58875CC22A1C7DB900E9BA53 /* UILabel+Extension.swift */,
			);
			path = "UIKit Extensions";
			sourceTree = "<group>";
		};
		58875CAE2A1C719400E9BA53 /* Model */ = {
			isa = PBXGroup;
			children = (
				58875CAF2A1C71B200E9BA53 /* SearchResult.swift */,
				58D550C32A1CAB0300608A15 /* SearchModel.swift */,
			);
			path = Model;
			sourceTree = "<group>";
		};
		58875CB12A1C73BB00E9BA53 /* Views */ = {
			isa = PBXGroup;
			children = (
				58875CB22A1C73CD00E9BA53 /* Search */,
			);
			path = Views;
			sourceTree = "<group>";
		};
		58875CB22A1C73CD00E9BA53 /* Search */ = {
			isa = PBXGroup;
			children = (
				58875CB42A1C741100E9BA53 /* WeatherSearchViewCell.swift */,
				58875CB62A1C74C100E9BA53 /* WeatherSearchViewCell+Extension.swift */,
			);
			path = Search;
			sourceTree = "<group>";
		};
		58875CB82A1C751500E9BA53 /* StackView Extensions */ = {
			isa = PBXGroup;
			children = (
				58875CB92A1C752D00E9BA53 /* HorizontalStackView.swift */,
				58875CBB2A1C75D200E9BA53 /* VerticalStackView.swift */,
			);
			path = "StackView Extensions";
			sourceTree = "<group>";
		};
		58875CBD2A1C790600E9BA53 /* Service */ = {
			isa = PBXGroup;
			children = (
				58875CBE2A1C791800E9BA53 /* Service.swift */,
				58D550C12A1CA7CD00608A15 /* OpenWeather.swift */,
			);
			path = Service;
			sourceTree = "<group>";
		};
		58D550C92A1CF07B00608A15 /* Controllers */ = {
			isa = PBXGroup;
			children = (
				58875CA62A1C5B4500E9BA53 /* WeatherBaseController.swift */,
				58875CAC2A1C714600E9BA53 /* FlowLayoutCollectionViewController.swift */,
				58209EF22A1C831600A7C94F /* RootViewController.swift */,
			);
			path = Controllers;
			sourceTree = "<group>";
		};
/* End PBXGroup section */

/* Begin PBXNativeTarget section */
		58875C8E2A1C5B0F00E9BA53 /* MphasisWeatherApp */ = {
			isa = PBXNativeTarget;
			buildConfigurationList = 58875CA32A1C5B1100E9BA53 /* Build configuration list for PBXNativeTarget "MphasisWeatherApp" */;
			buildPhases = (
				58875C8B2A1C5B0F00E9BA53 /* Sources */,
				58875C8C2A1C5B0F00E9BA53 /* Frameworks */,
				58875C8D2A1C5B0F00E9BA53 /* Resources */,
			);
			buildRules = (
			);
			dependencies = (
			);
			name = MphasisWeatherApp;
			packageProductDependencies = (
				58875CC52A1C7F5C00E9BA53 /* SDWebImage */,
			);
			productName = MphasisWeatherApp;
			productReference = 58875C8F2A1C5B0F00E9BA53 /* MphasisWeatherApp.app */;
			productType = "com.apple.product-type.application";
		};
/* End PBXNativeTarget section */

/* Begin PBXProject section */
		58875C872A1C5B0F00E9BA53 /* Project object */ = {
			isa = PBXProject;
			attributes = {
				BuildIndependentTargetsInParallel = 1;
				LastSwiftUpdateCheck = 1340;
				LastUpgradeCheck = 1340;
				TargetAttributes = {
					58875C8E2A1C5B0F00E9BA53 = {
						CreatedOnToolsVersion = 13.4.1;
					};
				};
			};
			buildConfigurationList = 58875C8A2A1C5B0F00E9BA53 /* Build configuration list for PBXProject "MphasisWeatherApp" */;
			compatibilityVersion = "Xcode 13.0";
			developmentRegion = en;
			hasScannedForEncodings = 0;
			knownRegions = (
				en,
				Base,
			);
			mainGroup = 58875C862A1C5B0F00E9BA53;
			packageReferences = (
				58875CC42A1C7F5C00E9BA53 /* XCRemoteSwiftPackageReference "SDWebImage" */,
			);
			productRefGroup = 58875C902A1C5B0F00E9BA53 /* Products */;
			projectDirPath = "";
			projectRoot = "";
			targets = (
				58875C8E2A1C5B0F00E9BA53 /* MphasisWeatherApp */,
			);
		};
/* End PBXProject section */

/* Begin PBXResourcesBuildPhase section */
		58875C8D2A1C5B0F00E9BA53 /* Resources */ = {
			isa = PBXResourcesBuildPhase;
			buildActionMask = 2147483647;
			files = (
				58875C9F2A1C5B1100E9BA53 /* LaunchScreen.storyboard in Resources */,
				58875C9C2A1C5B1100E9BA53 /* Assets.xcassets in Resources */,
				58875C9A2A1C5B0F00E9BA53 /* Main.storyboard in Resources */,
			);
			runOnlyForDeploymentPostprocessing = 0;
		};
/* End PBXResourcesBuildPhase section */

/* Begin PBXSourcesBuildPhase section */
		58875C8B2A1C5B0F00E9BA53 /* Sources */ = {
			isa = PBXSourcesBuildPhase;
			buildActionMask = 2147483647;
			files = (
				58875CAB2A1C656D00E9BA53 /* UIView+Layout.swift in Sources */,
				58875CC32A1C7DB900E9BA53 /* UILabel+Extension.swift in Sources */,
				58209EF32A1C831600A7C94F /* RootViewController.swift in Sources */,
				58875CB52A1C741100E9BA53 /* WeatherSearchViewCell.swift in Sources */,
				58875CB72A1C74C100E9BA53 /* WeatherSearchViewCell+Extension.swift in Sources */,
				58875CA72A1C5B4500E9BA53 /* WeatherBaseController.swift in Sources */,
				58875C932A1C5B0F00E9BA53 /* AppDelegate.swift in Sources */,
				58875C952A1C5B0F00E9BA53 /* SceneDelegate.swift in Sources */,
				58875CC12A1C7D8100E9BA53 /* UIImageView+Extension.swift in Sources */,
				58D550C42A1CAB0300608A15 /* SearchModel.swift in Sources */,
				58875CBA2A1C752D00E9BA53 /* HorizontalStackView.swift in Sources */,
				58875CB02A1C71B200E9BA53 /* SearchResult.swift in Sources */,
				58875CBF2A1C791800E9BA53 /* Service.swift in Sources */,
				58875CAD2A1C714700E9BA53 /* FlowLayoutCollectionViewController.swift in Sources */,
				58D550C22A1CA7CD00608A15 /* OpenWeather.swift in Sources */,
				58875CBC2A1C75D200E9BA53 /* VerticalStackView.swift in Sources */,
			);
			runOnlyForDeploymentPostprocessing = 0;
		};
/* End PBXSourcesBuildPhase section */

/* Begin PBXVariantGroup section */
		58875C982A1C5B0F00E9BA53 /* Main.storyboard */ = {
			isa = PBXVariantGroup;
			children = (
				58875C992A1C5B0F00E9BA53 /* Base */,
			);
			name = Main.storyboard;
			sourceTree = "<group>";
		};
		58875C9D2A1C5B1100E9BA53 /* LaunchScreen.storyboard */ = {
			isa = PBXVariantGroup;
			children = (
				58875C9E2A1C5B1100E9BA53 /* Base */,
			);
			name = LaunchScreen.storyboard;
			sourceTree = "<group>";
		};
/* End PBXVariantGroup section */

/* Begin XCBuildConfiguration section */
		58875CA12A1C5B1100E9BA53 /* Debug */ = {
			isa = XCBuildConfiguration;
			buildSettings = {
				ALWAYS_SEARCH_USER_PATHS = NO;
				CLANG_ANALYZER_NONNULL = YES;
				CLANG_ANALYZER_NUMBER_OBJECT_CONVERSION = YES_AGGRESSIVE;
				CLANG_CXX_LANGUAGE_STANDARD = "gnu++17";
				CLANG_ENABLE_MODULES = YES;
				CLANG_ENABLE_OBJC_ARC = YES;
				CLANG_ENABLE_OBJC_WEAK = YES;
				CLANG_WARN_BLOCK_CAPTURE_AUTORELEASING = YES;
				CLANG_WARN_BOOL_CONVERSION = YES;
				CLANG_WARN_COMMA = YES;
				CLANG_WARN_CONSTANT_CONVERSION = YES;
				CLANG_WARN_DEPRECATED_OBJC_IMPLEMENTATIONS = YES;
				CLANG_WARN_DIRECT_OBJC_ISA_USAGE = YES_ERROR;
				CLANG_WARN_DOCUMENTATION_COMMENTS = YES;
				CLANG_WARN_EMPTY_BODY = YES;
				CLANG_WARN_ENUM_CONVERSION = YES;
				CLANG_WARN_INFINITE_RECURSION = YES;
				CLANG_WARN_INT_CONVERSION = YES;
				CLANG_WARN_NON_LITERAL_NULL_CONVERSION = YES;
				CLANG_WARN_OBJC_IMPLICIT_RETAIN_SELF = YES;
				CLANG_WARN_OBJC_LITERAL_CONVERSION = YES;
				CLANG_WARN_OBJC_ROOT_CLASS = YES_ERROR;
				CLANG_WARN_QUOTED_INCLUDE_IN_FRAMEWORK_HEADER = YES;
				CLANG_WARN_RANGE_LOOP_ANALYSIS = YES;
				CLANG_WARN_STRICT_PROTOTYPES = YES;
				CLANG_WARN_SUSPICIOUS_MOVE = YES;
				CLANG_WARN_UNGUARDED_AVAILABILITY = YES_AGGRESSIVE;
				CLANG_WARN_UNREACHABLE_CODE = YES;
				CLANG_WARN__DUPLICATE_METHOD_MATCH = YES;
				COPY_PHASE_STRIP = NO;
				DEBUG_INFORMATION_FORMAT = dwarf;
				ENABLE_STRICT_OBJC_MSGSEND = YES;
				ENABLE_TESTABILITY = YES;
				GCC_C_LANGUAGE_STANDARD = gnu11;
				GCC_DYNAMIC_NO_PIC = NO;
				GCC_NO_COMMON_BLOCKS = YES;
				GCC_OPTIMIZATION_LEVEL = 0;
				GCC_PREPROCESSOR_DEFINITIONS = (
					"DEBUG=1",
					"$(inherited)",
				);
				GCC_WARN_64_TO_32_BIT_CONVERSION = YES;
				GCC_WARN_ABOUT_RETURN_TYPE = YES_ERROR;
				GCC_WARN_UNDECLARED_SELECTOR = YES;
				GCC_WARN_UNINITIALIZED_AUTOS = YES_AGGRESSIVE;
				GCC_WARN_UNUSED_FUNCTION = YES;
				GCC_WARN_UNUSED_VARIABLE = YES;
				IPHONEOS_DEPLOYMENT_TARGET = 15.5;
				MTL_ENABLE_DEBUG_INFO = INCLUDE_SOURCE;
				MTL_FAST_MATH = YES;
				ONLY_ACTIVE_ARCH = YES;
				SDKROOT = iphoneos;
				SWIFT_ACTIVE_COMPILATION_CONDITIONS = DEBUG;
				SWIFT_OPTIMIZATION_LEVEL = "-Onone";
			};
			name = Debug;
		};
		58875CA22A1C5B1100E9BA53 /* Release */ = {
			isa = XCBuildConfiguration;
			buildSettings = {
				ALWAYS_SEARCH_USER_PATHS = NO;
				CLANG_ANALYZER_NONNULL = YES;
				CLANG_ANALYZER_NUMBER_OBJECT_CONVERSION = YES_AGGRESSIVE;
				CLANG_CXX_LANGUAGE_STANDARD = "gnu++17";
				CLANG_ENABLE_MODULES = YES;
				CLANG_ENABLE_OBJC_ARC = YES;
				CLANG_ENABLE_OBJC_WEAK = YES;
				CLANG_WARN_BLOCK_CAPTURE_AUTORELEASING = YES;
				CLANG_WARN_BOOL_CONVERSION = YES;
				CLANG_WARN_COMMA = YES;
				CLANG_WARN_CONSTANT_CONVERSION = YES;
				CLANG_WARN_DEPRECATED_OBJC_IMPLEMENTATIONS = YES;
				CLANG_WARN_DIRECT_OBJC_ISA_USAGE = YES_ERROR;
				CLANG_WARN_DOCUMENTATION_COMMENTS = YES;
				CLANG_WARN_EMPTY_BODY = YES;
				CLANG_WARN_ENUM_CONVERSION = YES;
				CLANG_WARN_INFINITE_RECURSION = YES;
				CLANG_WARN_INT_CONVERSION = YES;
				CLANG_WARN_NON_LITERAL_NULL_CONVERSION = YES;
				CLANG_WARN_OBJC_IMPLICIT_RETAIN_SELF = YES;
				CLANG_WARN_OBJC_LITERAL_CONVERSION = YES;
				CLANG_WARN_OBJC_ROOT_CLASS = YES_ERROR;
				CLANG_WARN_QUOTED_INCLUDE_IN_FRAMEWORK_HEADER = YES;
				CLANG_WARN_RANGE_LOOP_ANALYSIS = YES;
				CLANG_WARN_STRICT_PROTOTYPES = YES;
				CLANG_WARN_SUSPICIOUS_MOVE = YES;
				CLANG_WARN_UNGUARDED_AVAILABILITY = YES_AGGRESSIVE;
				CLANG_WARN_UNREACHABLE_CODE = YES;
				CLANG_WARN__DUPLICATE_METHOD_MATCH = YES;
				COPY_PHASE_STRIP = NO;
				DEBUG_INFORMATION_FORMAT = "dwarf-with-dsym";
				ENABLE_NS_ASSERTIONS = NO;
				ENABLE_STRICT_OBJC_MSGSEND = YES;
				GCC_C_LANGUAGE_STANDARD = gnu11;
				GCC_NO_COMMON_BLOCKS = YES;
				GCC_WARN_64_TO_32_BIT_CONVERSION = YES;
				GCC_WARN_ABOUT_RETURN_TYPE = YES_ERROR;
				GCC_WARN_UNDECLARED_SELECTOR = YES;
				GCC_WARN_UNINITIALIZED_AUTOS = YES_AGGRESSIVE;
				GCC_WARN_UNUSED_FUNCTION = YES;
				GCC_WARN_UNUSED_VARIABLE = YES;
				IPHONEOS_DEPLOYMENT_TARGET = 15.5;
				MTL_ENABLE_DEBUG_INFO = NO;
				MTL_FAST_MATH = YES;
				SDKROOT = iphoneos;
				SWIFT_COMPILATION_MODE = wholemodule;
				SWIFT_OPTIMIZATION_LEVEL = "-O";
				VALIDATE_PRODUCT = YES;
			};
			name = Release;
		};
		58875CA42A1C5B1100E9BA53 /* Debug */ = {
			isa = XCBuildConfiguration;
			buildSettings = {
				ASSETCATALOG_COMPILER_APPICON_NAME = AppIcon;
				ASSETCATALOG_COMPILER_GLOBAL_ACCENT_COLOR_NAME = AccentColor;
				CODE_SIGN_STYLE = Automatic;
				CURRENT_PROJECT_VERSION = 1;
				DEVELOPMENT_TEAM = 8HC9RCNMQU;
				GENERATE_INFOPLIST_FILE = YES;
				INFOPLIST_FILE = MphasisWeatherApp/Info.plist;
				INFOPLIST_KEY_UIApplicationSupportsIndirectInputEvents = YES;
				INFOPLIST_KEY_UILaunchStoryboardName = LaunchScreen;
				INFOPLIST_KEY_UIMainStoryboardFile = Main;
				INFOPLIST_KEY_UISupportedInterfaceOrientations_iPad = "UIInterfaceOrientationPortrait UIInterfaceOrientationPortraitUpsideDown UIInterfaceOrientationLandscapeLeft UIInterfaceOrientationLandscapeRight";
				INFOPLIST_KEY_UISupportedInterfaceOrientations_iPhone = "UIInterfaceOrientationPortrait UIInterfaceOrientationLandscapeLeft UIInterfaceOrientationLandscapeRight";
				LD_RUNPATH_SEARCH_PATHS = (
					"$(inherited)",
					"@executable_path/Frameworks",
				);
				MARKETING_VERSION = 1.0;
				PRODUCT_BUNDLE_IDENTIFIER = com.priyampreeti.MphasisWeatherApp;
				PRODUCT_NAME = "$(TARGET_NAME)";
				SWIFT_EMIT_LOC_STRINGS = YES;
				SWIFT_VERSION = 5.0;
				TARGETED_DEVICE_FAMILY = "1,2";
			};
			name = Debug;
		};
		58875CA52A1C5B1100E9BA53 /* Release */ = {
			isa = XCBuildConfiguration;
			buildSettings = {
				ASSETCATALOG_COMPILER_APPICON_NAME = AppIcon;
				ASSETCATALOG_COMPILER_GLOBAL_ACCENT_COLOR_NAME = AccentColor;
				CODE_SIGN_STYLE = Automatic;
				CURRENT_PROJECT_VERSION = 1;
				DEVELOPMENT_TEAM = 8HC9RCNMQU;
				GENERATE_INFOPLIST_FILE = YES;
				INFOPLIST_FILE = MphasisWeatherApp/Info.plist;
				INFOPLIST_KEY_UIApplicationSupportsIndirectInputEvents = YES;
				INFOPLIST_KEY_UILaunchStoryboardName = LaunchScreen;
				INFOPLIST_KEY_UIMainStoryboardFile = Main;
				INFOPLIST_KEY_UISupportedInterfaceOrientations_iPad = "UIInterfaceOrientationPortrait UIInterfaceOrientationPortraitUpsideDown UIInterfaceOrientationLandscapeLeft UIInterfaceOrientationLandscapeRight";
				INFOPLIST_KEY_UISupportedInterfaceOrientations_iPhone = "UIInterfaceOrientationPortrait UIInterfaceOrientationLandscapeLeft UIInterfaceOrientationLandscapeRight";
				LD_RUNPATH_SEARCH_PATHS = (
					"$(inherited)",
					"@executable_path/Frameworks",
				);
				MARKETING_VERSION = 1.0;
				PRODUCT_BUNDLE_IDENTIFIER = com.priyampreeti.MphasisWeatherApp;
				PRODUCT_NAME = "$(TARGET_NAME)";
				SWIFT_EMIT_LOC_STRINGS = YES;
				SWIFT_VERSION = 5.0;
				TARGETED_DEVICE_FAMILY = "1,2";
			};
			name = Release;
		};
/* End XCBuildConfiguration section */

/* Begin XCConfigurationList section */
		58875C8A2A1C5B0F00E9BA53 /* Build configuration list for PBXProject "MphasisWeatherApp" */ = {
			isa = XCConfigurationList;
			buildConfigurations = (
				58875CA12A1C5B1100E9BA53 /* Debug */,
				58875CA22A1C5B1100E9BA53 /* Release */,
			);
			defaultConfigurationIsVisible = 0;
			defaultConfigurationName = Release;
		};
		58875CA32A1C5B1100E9BA53 /* Build configuration list for PBXNativeTarget "MphasisWeatherApp" */ = {
			isa = XCConfigurationList;
			buildConfigurations = (
				58875CA42A1C5B1100E9BA53 /* Debug */,
				58875CA52A1C5B1100E9BA53 /* Release */,
			);
			defaultConfigurationIsVisible = 0;
			defaultConfigurationName = Release;
		};
/* End XCConfigurationList section */

/* Begin XCRemoteSwiftPackageReference section */
		58875CC42A1C7F5C00E9BA53 /* XCRemoteSwiftPackageReference "SDWebImage" */ = {
			isa = XCRemoteSwiftPackageReference;
			repositoryURL = "https://github.com/SDWebImage/SDWebImage";
			requirement = {
				branch = master;
				kind = branch;
			};
		};
/* End XCRemoteSwiftPackageReference section */

/* Begin XCSwiftPackageProductDependency section */
		58875CC52A1C7F5C00E9BA53 /* SDWebImage */ = {
			isa = XCSwiftPackageProductDependency;
			package = 58875CC42A1C7F5C00E9BA53 /* XCRemoteSwiftPackageReference "SDWebImage" */;
			productName = SDWebImage;
		};
/* End XCSwiftPackageProductDependency section */
	};
	rootObject = 58875C872A1C5B0F00E9BA53 /* Project object */;
}
